
Microsoft Visual Studio Solution File, Format Version 12.00
# Visual Studio 15
VisualStudioVersion = 15.0.26720.2
MinimumVisualStudioVersion = 10.0.40219.1
Project("{9A19103F-16F7-4668-BE54-9A1E7A4F7556}") = "DotNetFunction", "src\DotNetFunction\DotNetFunction.csproj", "{E82A3F5E-9CA6-4E2E-8D51-A938DD62A363}"
EndProject
Project("{2150E333-8FDC-42A3-9474-1A3956D46DE8}") = "src", "src", "{7A25CF1F-2A28-4308-91EE-51A6684E0333}"
EndProject
Project("{2150E333-8FDC-42A3-9474-1A3956D46DE8}") = "test", "test", "{6CFE9AD3-1A52-48F6-BBFB-0E9F02FEF51B}"
EndProject
Project("{2150E333-8FDC-42A3-9474-1A3956D46DE8}") = "infra", "infra", "{DFCFBD96-C773-4F03-BC03-DC327F730690}"
EndProject
Project("{2150E333-8FDC-42A3-9474-1A3956D46DE8}") = "docs", "docs", "{43937ADC-2156-4C54-A19C-54C9826766C8}"
	ProjectSection(SolutionItems) = preProject
		docs\DotNet-FunctionApp-CD.md = docs\DotNet-FunctionApp-CD.md
		docs\DotNet-FunctionApp-CI.md = docs\DotNet-FunctionApp-CI.md
	EndProjectSection
EndProject
Project("{2150E333-8FDC-42A3-9474-1A3956D46DE8}") = "vsts", "vsts", "{9D7CF83C-C93B-4266-B6BC-87FB17216CC2}"
	ProjectSection(SolutionItems) = preProject
		vsts\DotNet-FunctionApp-CD.json = vsts\DotNet-FunctionApp-CD.json
		vsts\DotNet-FunctionApp-CI.json = vsts\DotNet-FunctionApp-CI.json
	EndProjectSection
EndProject
Project("{2150E333-8FDC-42A3-9474-1A3956D46DE8}") = "imgs", "imgs", "{B0E410F8-E7BE-46D7-84FB-4749F19392D4}"
	ProjectSection(SolutionItems) = preProject
		docs\imgs\DotNet-FunctionApp-CD-Production.PNG = docs\imgs\DotNet-FunctionApp-CD-Production.PNG
		docs\imgs\DotNet-FunctionApp-CD-Rollback.PNG = docs\imgs\DotNet-FunctionApp-CD-Rollback.PNG
		docs\imgs\DotNet-FunctionApp-CD-Staging.PNG = docs\imgs\DotNet-FunctionApp-CD-Staging.PNG
		docs\imgs\DotNet-FunctionApp-CD.PNG = docs\imgs\DotNet-FunctionApp-CD.PNG
		docs\imgs\DotNet-FunctionApp-CI.PNG = docs\imgs\DotNet-FunctionApp-CI.PNG
		docs\imgs\Process-Overview.PNG = docs\imgs\Process-Overview.PNG
		docs\imgs\Visual-Studio-Solution-Structure-Overview.PNG = docs\imgs\Visual-Studio-Solution-Structure-Overview.PNG
	EndProjectSection
EndProject
Project("{FAE04EC0-301F-11D3-BF4B-00C04F79EFBC}") = "DotNetFunction.UnitTests", "test\DotNetFunction.UnitTests\DotNetFunction.UnitTests.csproj", "{F1674604-9FDC-4033-BF0E-ADE1AC5FAFBA}"
EndProject
Project("{2150E333-8FDC-42A3-9474-1A3956D46DE8}") = "scripts", "scripts", "{909C4A6F-C429-46C9-8B78-4E6E3A26C608}"
	ProjectSection(SolutionItems) = preProject
		infra\scripts\AddResourceGroupLock.ps1 = infra\scripts\AddResourceGroupLock.ps1
		infra\scripts\DeployARMTemplate.ps1 = infra\scripts\DeployARMTemplate.ps1
		infra\scripts\TestARMTemplate.ps1 = infra\scripts\TestARMTemplate.ps1
	EndProjectSection
EndProject
Project("{2150E333-8FDC-42A3-9474-1A3956D46DE8}") = "templates", "templates", "{539D6251-ED3A-4230-A448-081BB1435281}"
	ProjectSection(SolutionItems) = preProject
		infra\templates\deploy-slot.json = infra\templates\deploy-slot.json
		infra\templates\deploy.json = infra\templates\deploy.json
	EndProjectSection
EndProject
Project("{FAE04EC0-301F-11D3-BF4B-00C04F79EFBC}") = "DotNetFunction.IntegrationTests", "test\DotNetFunction.IntegrationTests\DotNetFunction.IntegrationTests.csproj", "{A6398BE2-943A-4C33-B05D-E796CBB86CF4}"
EndProject
Project("{2150E333-8FDC-42A3-9474-1A3956D46DE8}") = "nested", "nested", "{FF2F9942-B9D2-438E-8340-2DF05D5C1FF9}"
	ProjectSection(SolutionItems) = preProject
		infra\templates\nested\ApplicationInsights.json = infra\templates\nested\ApplicationInsights.json
		infra\templates\nested\FunctionApp.json = infra\templates\nested\FunctionApp.json
		infra\templates\nested\FunctionAppSlot.json = infra\templates\nested\FunctionAppSlot.json
	EndProjectSection
EndProject
Global
	GlobalSection(SolutionConfigurationPlatforms) = preSolution
		Debug|Any CPU = Debug|Any CPU
		Release|Any CPU = Release|Any CPU
	EndGlobalSection
	GlobalSection(ProjectConfigurationPlatforms) = postSolution
		{E82A3F5E-9CA6-4E2E-8D51-A938DD62A363}.Debug|Any CPU.ActiveCfg = Debug|Any CPU
		{E82A3F5E-9CA6-4E2E-8D51-A938DD62A363}.Debug|Any CPU.Build.0 = Debug|Any CPU
		{E82A3F5E-9CA6-4E2E-8D51-A938DD62A363}.Release|Any CPU.ActiveCfg = Release|Any CPU
		{E82A3F5E-9CA6-4E2E-8D51-A938DD62A363}.Release|Any CPU.Build.0 = Release|Any CPU
		{F1674604-9FDC-4033-BF0E-ADE1AC5FAFBA}.Debug|Any CPU.ActiveCfg = Debug|Any CPU
		{F1674604-9FDC-4033-BF0E-ADE1AC5FAFBA}.Debug|Any CPU.Build.0 = Debug|Any CPU
		{F1674604-9FDC-4033-BF0E-ADE1AC5FAFBA}.Release|Any CPU.ActiveCfg = Release|Any CPU
		{F1674604-9FDC-4033-BF0E-ADE1AC5FAFBA}.Release|Any CPU.Build.0 = Release|Any CPU
		{A6398BE2-943A-4C33-B05D-E796CBB86CF4}.Debug|Any CPU.ActiveCfg = Debug|Any CPU
		{A6398BE2-943A-4C33-B05D-E796CBB86CF4}.Debug|Any CPU.Build.0 = Debug|Any CPU
		{A6398BE2-943A-4C33-B05D-E796CBB86CF4}.Release|Any CPU.ActiveCfg = Release|Any CPU
		{A6398BE2-943A-4C33-B05D-E796CBB86CF4}.Release|Any CPU.Build.0 = Release|Any CPU
	EndGlobalSection
	GlobalSection(SolutionProperties) = preSolution
		HideSolutionNode = FALSE
	EndGlobalSection
	GlobalSection(NestedProjects) = preSolution
		{E82A3F5E-9CA6-4E2E-8D51-A938DD62A363} = {7A25CF1F-2A28-4308-91EE-51A6684E0333}
		{B0E410F8-E7BE-46D7-84FB-4749F19392D4} = {43937ADC-2156-4C54-A19C-54C9826766C8}
		{F1674604-9FDC-4033-BF0E-ADE1AC5FAFBA} = {6CFE9AD3-1A52-48F6-BBFB-0E9F02FEF51B}
		{909C4A6F-C429-46C9-8B78-4E6E3A26C608} = {DFCFBD96-C773-4F03-BC03-DC327F730690}
		{539D6251-ED3A-4230-A448-081BB1435281} = {DFCFBD96-C773-4F03-BC03-DC327F730690}
		{A6398BE2-943A-4C33-B05D-E796CBB86CF4} = {6CFE9AD3-1A52-48F6-BBFB-0E9F02FEF51B}
		{FF2F9942-B9D2-438E-8340-2DF05D5C1FF9} = {539D6251-ED3A-4230-A448-081BB1435281}
	EndGlobalSection
	GlobalSection(ExtensibilityGlobals) = postSolution
		SolutionGuid = {593B5211-2ED0-4537-A624-24D38AA69DB1}
	EndGlobalSection
EndGlobal
